{
  "version": 4,
  "terraform_version": "1.10.5",
  "serial": 33,
  "lineage": "09a7c4ac-ee17-b3a9-a9d6-7abb4d9b1ffd",
  "outputs": {},
  "resources": [
    {
      "module": "module.public_ip",
      "mode": "managed",
      "type": "azurerm_public_ip",
      "name": "PIP",
      "provider": "provider[\"registry.terraform.io/hashicorp/azurerm\"]",
      "instances": [
        {
          "index_key": "pip2",
          "schema_version": 0,
          "attributes": {
            "allocation_method": "Static",
            "ddos_protection_mode": "VirtualNetworkInherited",
            "ddos_protection_plan_id": null,
            "domain_name_label": null,
            "domain_name_label_scope": null,
            "edge_zone": "",
            "fqdn": null,
            "id": "/subscriptions/6e65d60a-bc12-4f70-8dcd-6cdb4da48e3e/resourceGroups/rg-dev-001/providers/Microsoft.Network/publicIPAddresses/backend-pip",
            "idle_timeout_in_minutes": 4,
            "ip_address": "98.70.125.89",
            "ip_tags": null,
            "ip_version": "IPv4",
            "location": "centralindia",
            "name": "backend-pip",
            "public_ip_prefix_id": null,
            "resource_group_name": "rg-dev-001",
            "reverse_fqdn": null,
            "sku": "Standard",
            "sku_tier": "Regional",
            "tags": {
              "environment": "dev",
              "project": "project-x"
            },
            "timeouts": null,
            "zones": null
          },
          "sensitive_attributes": [],
          "private": "eyJlMmJmYjczMC1lY2FhLTExZTYtOGY4OC0zNDM2M2JjN2M0YzAiOnsiY3JlYXRlIjoxODAwMDAwMDAwMDAwLCJkZWxldGUiOjE4MDAwMDAwMDAwMDAsInJlYWQiOjMwMDAwMDAwMDAwMCwidXBkYXRlIjoxODAwMDAwMDAwMDAwfX0=",
          "dependencies": [
            "module.resource_groups.azurerm_resource_group.RG"
          ]
        }
      ]
    },
    {
      "module": "module.resource_groups",
      "mode": "managed",
      "type": "azurerm_resource_group",
      "name": "RG",
      "provider": "provider[\"registry.terraform.io/hashicorp/azurerm\"]",
      "instances": [
        {
          "index_key": "key1",
          "schema_version": 0,
          "attributes": {
            "id": "/subscriptions/6e65d60a-bc12-4f70-8dcd-6cdb4da48e3e/resourceGroups/rg-dev-001",
            "location": "centralindia",
            "managed_by": "team-a",
            "name": "rg-dev-001",
            "tags": {
              "environment": "dev",
              "project": "project-x"
            },
            "timeouts": null
          },
          "sensitive_attributes": [],
          "private": "eyJlMmJmYjczMC1lY2FhLTExZTYtOGY4OC0zNDM2M2JjN2M0YzAiOnsiY3JlYXRlIjo1NDAwMDAwMDAwMDAwLCJkZWxldGUiOjU0MDAwMDAwMDAwMDAsInJlYWQiOjMwMDAwMDAwMDAwMCwidXBkYXRlIjo1NDAwMDAwMDAwMDAwfX0="
        },
        {
          "index_key": "key2",
          "schema_version": 0,
          "attributes": {
            "id": "/subscriptions/6e65d60a-bc12-4f70-8dcd-6cdb4da48e3e/resourceGroups/rg-dev-002",
            "location": "centralindia",
            "managed_by": "",
            "name": "rg-dev-002",
            "tags": {
              "environment": "dev-1",
              "project": "project-x"
            },
            "timeouts": null
          },
          "sensitive_attributes": [],
          "private": "eyJlMmJmYjczMC1lY2FhLTExZTYtOGY4OC0zNDM2M2JjN2M0YzAiOnsiY3JlYXRlIjo1NDAwMDAwMDAwMDAwLCJkZWxldGUiOjU0MDAwMDAwMDAwMDAsInJlYWQiOjMwMDAwMDAwMDAwMCwidXBkYXRlIjo1NDAwMDAwMDAwMDAwfX0="
        }
      ]
    },
    {
      "module": "module.virtual_networks",
      "mode": "managed",
      "type": "azurerm_virtual_network",
      "name": "VNET",
      "provider": "provider[\"registry.terraform.io/hashicorp/azurerm\"]",
      "instances": [
        {
          "index_key": "vnet1",
          "schema_version": 0,
          "attributes": {
            "address_space": [
              "10.0.0.0/16"
            ],
            "bgp_community": "",
            "ddos_protection_plan": [],
            "dns_servers": [],
            "edge_zone": "",
            "encryption": [],
            "flow_timeout_in_minutes": 0,
            "guid": "bf03c01d-ea1a-4c33-adcc-ed3f171c90bf",
            "id": "/subscriptions/6e65d60a-bc12-4f70-8dcd-6cdb4da48e3e/resourceGroups/rg-dev-001/providers/Microsoft.Network/virtualNetworks/vnet-dev-001",
            "ip_address_pool": [],
            "location": "centralindia",
            "name": "vnet-dev-001",
            "private_endpoint_vnet_policies": "Disabled",
            "resource_group_name": "rg-dev-001",
            "subnet": [
              {
                "address_prefixes": [
                  "10.0.0.0/24"
                ],
                "default_outbound_access_enabled": true,
                "delegation": [],
                "id": "/subscriptions/6e65d60a-bc12-4f70-8dcd-6cdb4da48e3e/resourceGroups/rg-dev-001/providers/Microsoft.Network/virtualNetworks/vnet-dev-001/subnets/frontend",
                "name": "frontend",
                "private_endpoint_network_policies": "Disabled",
                "private_link_service_network_policies_enabled": true,
                "route_table_id": "",
                "security_group": "",
                "service_endpoint_policy_ids": [],
                "service_endpoints": []
              },
              {
                "address_prefixes": [
                  "10.0.1.0/24"
                ],
                "default_outbound_access_enabled": true,
                "delegation": [],
                "id": "/subscriptions/6e65d60a-bc12-4f70-8dcd-6cdb4da48e3e/resourceGroups/rg-dev-001/providers/Microsoft.Network/virtualNetworks/vnet-dev-001/subnets/backend",
                "name": "backend",
                "private_endpoint_network_policies": "Disabled",
                "private_link_service_network_policies_enabled": true,
                "route_table_id": "",
                "security_group": "",
                "service_endpoint_policy_ids": [],
                "service_endpoints": []
              }
            ],
            "tags": {
              "environment": "dev",
              "project": "project-x"
            },
            "timeouts": null
          },
          "sensitive_attributes": [],
          "private": "eyJlMmJmYjczMC1lY2FhLTExZTYtOGY4OC0zNDM2M2JjN2M0YzAiOnsiY3JlYXRlIjoxODAwMDAwMDAwMDAwLCJkZWxldGUiOjE4MDAwMDAwMDAwMDAsInJlYWQiOjMwMDAwMDAwMDAwMCwidXBkYXRlIjoxODAwMDAwMDAwMDAwfX0=",
          "dependencies": [
            "module.resource_groups.azurerm_resource_group.RG"
          ]
        }
      ]
    }
  ],
  "check_results": null
}
